
Microsoft Visual Studio Solution File, Format Version 12.00
# Visual Studio 15
VisualStudioVersion = 15.0.26730.12
MinimumVisualStudioVersion = 10.0.40219.1
Project("{9A19103F-16F7-4668-BE54-9A1E7A4F7556}") = "MyUtility", "src\MyUtility\MyUtility.csproj", "{82E7A98C-EBDD-4D1D-A2CE-E67C29E3EC1A}"
EndProject
Project("{FAE04EC0-301F-11D3-BF4B-00C04F79EFBC}") = "MyUtility.Test", "src\MyUtility.Test\MyUtility.Test.csproj", "{D8D7649E-175E-49BF-857B-4DC7A8F1CED2}"
EndProject
Global
	GlobalSection(SolutionConfigurationPlatforms) = preSolution
		Debug|Any CPU = Debug|Any CPU
		Release|Any CPU = Release|Any CPU
	EndGlobalSection
	GlobalSection(ProjectConfigurationPlatforms) = postSolution
		{82E7A98C-EBDD-4D1D-A2CE-E67C29E3EC1A}.Debug|Any CPU.ActiveCfg = Debug|Any CPU
		{82E7A98C-EBDD-4D1D-A2CE-E67C29E3EC1A}.Debug|Any CPU.Build.0 = Debug|Any CPU
		{82E7A98C-EBDD-4D1D-A2CE-E67C29E3EC1A}.Release|Any CPU.ActiveCfg = Release|Any CPU
		{82E7A98C-EBDD-4D1D-A2CE-E67C29E3EC1A}.Release|Any CPU.Build.0 = Release|Any CPU
		{D8D7649E-175E-49BF-857B-4DC7A8F1CED2}.Debug|Any CPU.ActiveCfg = Debug|Any CPU
		{D8D7649E-175E-49BF-857B-4DC7A8F1CED2}.Debug|Any CPU.Build.0 = Debug|Any CPU
		{D8D7649E-175E-49BF-857B-4DC7A8F1CED2}.Release|Any CPU.ActiveCfg = Release|Any CPU
		{D8D7649E-175E-49BF-857B-4DC7A8F1CED2}.Release|Any CPU.Build.0 = Release|Any CPU
	EndGlobalSection
	GlobalSection(SolutionProperties) = preSolution
		HideSolutionNode = FALSE
	EndGlobalSection
	GlobalSection(ExtensibilityGlobals) = postSolution
		SolutionGuid = {3D4382A1-F306-435C-8C44-8F55954F3990}
	EndGlobalSection
EndGlobal
